
Microsoft Visual Studio Solution File, Format Version 12.00
# Visual Studio Version 17
VisualStudioVersion = 17.5.33424.131
MinimumVisualStudioVersion = 10.0.40219.1
Project("{FAE04EC0-301F-11D3-BF4B-00C04F79EFBC}") = "Seminar5", "Seminar5\Seminar5.csproj", "{6400CDA3-C3F4-4AE5-AF12-66A2BA6BA634}"
EndProject
Project("{FAE04EC0-301F-11D3-BF4B-00C04F79EFBC}") = "task32", "task32\task32.csproj", "{D0EAB082-06D0-4299-80A1-C29AFBC23EF2}"
EndProject
Project("{FAE04EC0-301F-11D3-BF4B-00C04F79EFBC}") = "task33", "task33\task33.csproj", "{AA9FFC80-1F4B-4E67-AB57-D57DA0C25350}"
EndProject
Global
	GlobalSection(SolutionConfigurationPlatforms) = preSolution
		Debug|Any CPU = Debug|Any CPU
		Release|Any CPU = Release|Any CPU
	EndGlobalSection
	GlobalSection(ProjectConfigurationPlatforms) = postSolution
		{6400CDA3-C3F4-4AE5-AF12-66A2BA6BA634}.Debug|Any CPU.ActiveCfg = Debug|Any CPU
		{6400CDA3-C3F4-4AE5-AF12-66A2BA6BA634}.Debug|Any CPU.Build.0 = Debug|Any CPU
		{6400CDA3-C3F4-4AE5-AF12-66A2BA6BA634}.Release|Any CPU.ActiveCfg = Release|Any CPU
		{6400CDA3-C3F4-4AE5-AF12-66A2BA6BA634}.Release|Any CPU.Build.0 = Release|Any CPU
		{D0EAB082-06D0-4299-80A1-C29AFBC23EF2}.Debug|Any CPU.ActiveCfg = Debug|Any CPU
		{D0EAB082-06D0-4299-80A1-C29AFBC23EF2}.Debug|Any CPU.Build.0 = Debug|Any CPU
		{D0EAB082-06D0-4299-80A1-C29AFBC23EF2}.Release|Any CPU.ActiveCfg = Release|Any CPU
		{D0EAB082-06D0-4299-80A1-C29AFBC23EF2}.Release|Any CPU.Build.0 = Release|Any CPU
		{AA9FFC80-1F4B-4E67-AB57-D57DA0C25350}.Debug|Any CPU.ActiveCfg = Debug|Any CPU
		{AA9FFC80-1F4B-4E67-AB57-D57DA0C25350}.Debug|Any CPU.Build.0 = Debug|Any CPU
		{AA9FFC80-1F4B-4E67-AB57-D57DA0C25350}.Release|Any CPU.ActiveCfg = Release|Any CPU
		{AA9FFC80-1F4B-4E67-AB57-D57DA0C25350}.Release|Any CPU.Build.0 = Release|Any CPU
	EndGlobalSection
	GlobalSection(SolutionProperties) = preSolution
		HideSolutionNode = FALSE
	EndGlobalSection
	GlobalSection(ExtensibilityGlobals) = postSolution
		SolutionGuid = {282966C6-0B32-4293-AD54-388D9C8B2CB8}
	EndGlobalSection
EndGlobal
